
Microsoft Visual Studio Solution File, Format Version 12.00
Project("{FAE04EC0-301F-11D3-BF4B-00C04F79EFBC}") = "MvcAuth", "MvcAuth\MvcAuth.csproj", "{1D09C17C-078E-47EE-A7FB-EF47BEDD47CA}"
EndProject
Global
	GlobalSection(SolutionConfigurationPlatforms) = preSolution
		Debug|Any CPU = Debug|Any CPU
		Release|Any CPU = Release|Any CPU
	EndGlobalSection
	GlobalSection(ProjectConfigurationPlatforms) = postSolution
		{1D09C17C-078E-47EE-A7FB-EF47BEDD47CA}.Debug|Any CPU.ActiveCfg = Debug|Any CPU
		{1D09C17C-078E-47EE-A7FB-EF47BEDD47CA}.Debug|Any CPU.Build.0 = Debug|Any CPU
		{1D09C17C-078E-47EE-A7FB-EF47BEDD47CA}.Release|Any CPU.ActiveCfg = Release|Any CPU
		{1D09C17C-078E-47EE-A7FB-EF47BEDD47CA}.Release|Any CPU.Build.0 = Release|Any CPU
	EndGlobalSection
EndGlobal
